{
    "name": "@sanemat/somethingphp-syntax-highlight",
    "version": "0.0.1",
    "lockfileVersion": 2,
    "requires": true,
    "packages": {
        "": {
            "name": "@sanemat/somethingphp-syntax-highlight",
            "version": "0.0.1",
            "license": "ISC",
            "engines": {
                "vscode": "^1.66.0"
            }
        }
    }
}
